{"SurveyEntry":{"SurveyID":"SV_6EVcMkS2rxrD2Ki","SurveyName":"mfCsSliders Function and Example","SurveyDescription":null,"SurveyOwnerID":"UR_54GodPD1EwbdLOQ","SurveyBrandID":"marketinview","DivisionID":null,"SurveyLanguage":"EN","SurveyActiveResponseSet":"RS_8CaC50YRQI4tW0m","SurveyStatus":"Inactive","SurveyStartDate":"0000-00-00 00:00:00","SurveyExpirationDate":"0000-00-00 00:00:00","SurveyCreationDate":"2024-01-17 13:20:50","CreatorID":"UR_54GodPD1EwbdLOQ","LastModified":"2024-12-09 07:09:35","LastAccessed":"0000-00-00 00:00:00","LastActivated":"0000-00-00 00:00:00","Deleted":null},"SurveyElements":[{"SurveyID":"SV_6EVcMkS2rxrD2Ki","Element":"BL","PrimaryAttribute":"Survey Blocks","SecondaryAttribute":null,"TertiaryAttribute":null,"Payload":[{"Type":"Default","Description":"Default Question Block","ID":"BL_0VAuqwYmbxHMapM","BlockElements":[{"Type":"Question","QuestionID":"QID1"}]},{"Type":"Trash","Description":"Trash \/ Unused Questions","ID":"BL_cZl2dNHSNYJvlye","BlockElements":[]}]},{"SurveyID":"SV_6EVcMkS2rxrD2Ki","Element":"FL","PrimaryAttribute":"Survey Flow","SecondaryAttribute":null,"TertiaryAttribute":null,"Payload":{"Flow":[{"ID":"BL_0VAuqwYmbxHMapM","Type":"Block","FlowID":"FL_2"}],"Properties":{"Count":3},"FlowID":"FL_1","Type":"Root"}},{"SurveyID":"SV_6EVcMkS2rxrD2Ki","Element":"PL","PrimaryAttribute":"Preview Link","SecondaryAttribute":null,"TertiaryAttribute":null,"Payload":{"PreviewType":"Brand","PreviewID":"984a3730-d426-42b6-9ee2-dd2c6e697ef1"}},{"SurveyID":"SV_6EVcMkS2rxrD2Ki","Element":"RS","PrimaryAttribute":"RS_8CaC50YRQI4tW0m","SecondaryAttribute":null,"TertiaryAttribute":null,"Payload":null},{"SurveyID":"SV_6EVcMkS2rxrD2Ki","Element":"SO","PrimaryAttribute":"Survey Options","SecondaryAttribute":null,"TertiaryAttribute":null,"Payload":{"BackButton":"false","SaveAndContinue":"true","SurveyProtection":"PublicSurvey","BallotBoxStuffingPrevention":"false","NoIndex":"Yes","SecureResponseFiles":"true","SurveyExpiration":"None","SurveyTermination":"DefaultMessage","Header":"<script>\n\nfunction mfCsSliders(t,e){\/*\u00a9 2019-2022 Thomas Gibbons Consulting. All Rights Reserved.*\/\/*2022-09-01*\/var n={mustTotalFlag:true,mustTotalAmt:100,prefix:\"\",suffix:\"%\",widths:3,labelStyle:{\"font-weight\":\"bold\"}};jQuery.extend(true,n,e);var i=jQuery(\"#\"+t.questionId);var s=i.find(\"input.ResultsInput\");i.find(\".ChoiceStructure\").append(\"<div style='text-align:right;font-weight:bold;padding-top:10px;line-height:1.1'>\"+\"<span class='totCheck' style='display:none;color:green'>&#10004; <\/span>Total\"+\": <span class='totWrap'>\"+n.prefix+\"<span class='total'>0<\/span>\"+n.suffix+\"<\/span><\/span>\");var a=i.find(\"span.total\");var l=i.find(\"span.totWrap\");var r=i.find(\"span.totCheck\");i.find(\"div.slider-container\").each(function(t){var e=jQuery(this);e.find(\"div.statement\").after(\"<div style='float:right;min-width:\"+n.widths+\"em;text-align:right'>\"+\"\"+n.prefix+\"<span class='resultdiv'><\/span>\"+n.suffix+\"<\/div>\");var i=e.find(\"input.ResultsInput\");if(isNaN(parseInt(i.val())))i.val(0);e.find(\".resultdiv\").append(i);i.attr(\"type\",\"text\");i.prop(\"readonly\",true);var s=n.widths-n.prefix.length-n.suffix.length;i.css({width:s+\"em\",\"text-align\":\"right\",border:\"none\",padding:\"0px\"})});i.find(\"ul.numbers li\").each(function(){var t=jQuery(this);if(!jQuery.isEmptyObject(n.labelStyle))t.css(n.labelStyle);t.html(n.prefix+t.text().trim()+n.suffix+\" \")});sumIt();s.change(function(){sumIt()});function sumIt(){var t=0;s.each(function(){if(this.value.length>0)t+=parseInt(this.value)});a.html(t);if(n.mustTotalFlag){if(t>n.mustTotalAmt){r.hide();l.css(\"color\",\"red\")}else if(t==n.mustTotalAmt){r.show();l.css(\"color\",\"green\")}else{r.hide();l.css(\"color\",\"\")}}}}\n\n<\/script>","Footer":"","ProgressBarDisplay":"None","PartialData":"+1 week","ValidationMessage":"","PreviousButton":" \u2190 ","NextButton":" \u2192 ","SurveyTitle":"Qualtrics Survey | Qualtrics Experience Management","SkinLibrary":"marketinview","SkinType":"templated","Skin":{"brandingId":null,"templateId":"*2014","overrides":null},"NewScoring":1,"SurveyMetaDescription":"The most powerful, simple and trusted way to gather experience data. Start your journey to experience management and try a free account today.","CustomStyles":[],"ProtectSelectionIds":true,"headerMid":"","SurveyName":"mfCsSliders Function and Example"}},{"SurveyID":"SV_6EVcMkS2rxrD2Ki","Element":"SCO","PrimaryAttribute":"Scoring","SecondaryAttribute":null,"TertiaryAttribute":null,"Payload":{"ScoringCategories":[],"ScoringCategoryGroups":[],"ScoringSummaryCategory":null,"ScoringSummaryAfterQuestions":0,"ScoringSummaryAfterSurvey":0,"DefaultScoringCategory":null,"AutoScoringCategory":null}},{"SurveyID":"SV_6EVcMkS2rxrD2Ki","Element":"PROJ","PrimaryAttribute":"CORE","SecondaryAttribute":null,"TertiaryAttribute":"1.1.0","Payload":{"ProjectCategory":"CORE","SchemaVersion":"1.1.0"}},{"SurveyID":"SV_6EVcMkS2rxrD2Ki","Element":"STAT","PrimaryAttribute":"Survey Statistics","SecondaryAttribute":null,"TertiaryAttribute":null,"Payload":{"MobileCompatible":true,"ID":"Survey Statistics"}},{"SurveyID":"SV_6EVcMkS2rxrD2Ki","Element":"QC","PrimaryAttribute":"Survey Question Count","SecondaryAttribute":"3","TertiaryAttribute":null,"Payload":null},{"SurveyID":"SV_6EVcMkS2rxrD2Ki","Element":"SQ","PrimaryAttribute":"QID1","SecondaryAttribute":"Now think about people's incomes. Your best guess is fine. What percent of U.S. residents earn:","TertiaryAttribute":null,"Payload":{"QuestionText":"Now think about people's incomes. Your best guess is fine. What percent of U.S. residents earn:","QuestionJS":"Qualtrics.SurveyEngine.addOnload(function() {\n\tmfCsSliders(this);\n});","DefaultChoices":false,"DataExportTag":"Q31","QuestionID":"QID1","QuestionType":"Slider","Selector":"HSLIDER","DataVisibility":{"Private":false,"Hidden":false},"Configuration":{"QuestionDescriptionOption":"UseText","CSSliderMin":0,"CSSliderMax":100,"GridLines":4,"SnapToGrid":false,"NumDecimals":"0","ShowValue":false,"CustomStart":false,"NotApplicable":false,"MobileFirst":true},"QuestionDescription":"Now think about people's incomes. Your best guess is fine. What percent of U.S. residents earn:","Choices":{"1":{"Display":"Less than $25,000"},"2":{"Display":"$25,000-$50,000"},"3":{"Display":"$50,001-$75,000"},"4":{"Display":"$75,001-$100,000"},"5":{"Display":"More than $100,000"}},"ChoiceOrder":[1,2,3,4,"5"],"Validation":{"Settings":{"ForceResponse":"OFF","ForceResponseType":"ON","Type":"CustomValidation","CustomValidation":{"Logic":{"0":{"0":{"ChoiceLocator":"q:\/\/QID1\/ChoiceNumericEntryValue\/1","Description":"<span class=\"ConjDesc\">If<\/span> <span class=\"QuestionDesc\">In the past 12 months, how much of your online shopping would you estimate you do on each of the...<\/span> <span class=\"LeftOpDesc\">Computer<\/span> <span class=\"OpDesc\">Is Equal to<\/span> <span class=\"RightOpDesc\"> $e{ 100 - q:\/\/QID1\/ChoiceNumericEntryValue\/2 - q:\/\/QID1\/ChoiceNumericEntryValue\/3 - q:\/\/QID1\/ChoiceNumericEntryValue\/4 } <\/span>","LeftOperand":"q:\/\/QID1\/ChoiceNumericEntryValue\/1","LogicType":"Question","Operator":"EqualTo","QuestionID":"QID1","QuestionIDFromLocator":"QID1","QuestionIsInLoop":"no","RightOperand":"$e{ 100 - q:\/\/QID1\/ChoiceNumericEntryValue\/2 - q:\/\/QID1\/ChoiceNumericEntryValue\/3 - q:\/\/QID1\/ChoiceNumericEntryValue\/4 }","Type":"Expression"},"Type":"If"},"Type":"BooleanExpression"},"Message":{"description":"mfCsSlider must = 100","libraryID":"GR_cuUCjVgVrXJvxIh","messageID":"MS_8Iclv1Gj08Pz7eu","subMessageID":"VE_CUSTOM_VALIDATION_0"}}}},"GradingData":[],"Language":[],"NextChoiceId":6,"NextAnswerId":1,"Labels":[]}}]}